
Microsoft Visual Studio Solution File, Format Version 12.00
# Visual Studio Version 16
VisualStudioVersion = 16.0.30517.126
MinimumVisualStudioVersion = 10.0.40219.1
Project("{FAE04EC0-301F-11D3-BF4B-00C04F79EFBC}") = "PatronesDisenio", "PatronesDisenio.csproj", "{A2631C10-85FF-4DF0-80A9-C0DC5D50B84F}"
EndProject
Global
	GlobalSection(SolutionConfigurationPlatforms) = preSolution
		Debug|Any CPU = Debug|Any CPU
		Release|Any CPU = Release|Any CPU
	EndGlobalSection
	GlobalSection(ProjectConfigurationPlatforms) = postSolution
		{A2631C10-85FF-4DF0-80A9-C0DC5D50B84F}.Debug|Any CPU.ActiveCfg = Debug|Any CPU
		{A2631C10-85FF-4DF0-80A9-C0DC5D50B84F}.Debug|Any CPU.Build.0 = Debug|Any CPU
		{A2631C10-85FF-4DF0-80A9-C0DC5D50B84F}.Release|Any CPU.ActiveCfg = Release|Any CPU
		{A2631C10-85FF-4DF0-80A9-C0DC5D50B84F}.Release|Any CPU.Build.0 = Release|Any CPU
	EndGlobalSection
	GlobalSection(SolutionProperties) = preSolution
		HideSolutionNode = FALSE
	EndGlobalSection
	GlobalSection(ExtensibilityGlobals) = postSolution
		SolutionGuid = {0FFF1C36-79A9-4033-A7B3-033601CFFF9D}
	EndGlobalSection
EndGlobal
